{
  "name": "producthub",
  "version": "1.0.0",
  "lockfileVersion": 3,
  "requires": true,
  "packages": {
    "": {
      "name": "producthub",
      "version": "1.0.0",
      "license": "MIT",
      "devDependencies": {
        "concurrently": "^8.2.2"
      }
    },
    "node_modules/concurrently": {
      "version": "8.2.2",
      "resolved": "https://registry.npmjs.org/concurrently/-/concurrently-8.2.2.tgz",
      "integrity": "sha512-1D/vrwI79IGJFuxvx27aSGv0inela2GsOSYm3aOrow/fNGhSYDWgpnLZKpJhog5qGCPvEbhk5WbiF3zqXlR1qgA==",
      "dependencies": {
        "chalk": "4.1.2",
        "date-fns": "2.30.0",
        "lodash": "4.17.21",
        "rxjs": "7.8.1",
        "shell-quote": "1.8.1",
        "spawn-command": "0.0.2-1",
        "supports-color": "8.1.1",
        "tree-kill": "1.2.2"
      }
    }
  },
  "dependencies": {
    "concurrently": {
      "version": "8.2.2",
      "resolved": "https://registry.npmjs.org/concurrently/-/concurrently-8.2.2.tgz",
      "integrity": "sha512-1D/vrwI79IGJFuxvx27aSGv0inela2GsOSYm3aOrow/fNGhSYDWgpnLZKpJhog5qGCPvEbhk5WbiF3zqXlR1qgA==",
      "devDependencies": true,
      "dependencies": {
        "chalk": "4.1.2",
        "date-fns": "2.30.0",
        "lodash": "4.17.21",
        "rxjs": "7.8.1",
        "shell-quote": "1.8.1",
        "spawn-command": "0.0.2-1",
        "supports-color": "8.1.1",
        "tree-kill": "1.2.2"
      }
    }
  }
}