{
  "name": "producthub-backend",
  "version": "1.0.0",
  "lockfileVersion": 3,
  "requires": true,
  "packages": {
    "": {
      "name": "producthub-backend",
      "version": "1.0.0",
      "license": "MIT",
      "dependencies": {
        "bcryptjs": "^2.4.3",
        "cors": "^2.8.5",
        "dotenv": "^16.3.1",
        "express": "^4.18.2",
        "helmet": "^7.1.0",
        "joi": "^17.11.0",
        "jsonwebtoken": "^9.0.2",
        "morgan": "^1.10.0",
        "multer": "^1.4.5-lts.1",
        "node-cron": "^3.0.3",
        "pg": "^8.11.3",
        "rate-limiter-flexible": "^3.0.8",
        "redis": "^4.6.10",
        "socket.io": "^4.7.4",
        "uuid": "^9.0.1"
      },
      "devDependencies": {
        "nodemon": "^3.0.2"
      }
    },
    "node_modules/@redis/bloom": {
      "version": "1.2.0",
      "resolved": "https://registry.npmjs.org/@redis/bloom/-/bloom-1.2.0.tgz",
      "integrity": "sha512-HG2DFjYKbpNmVXsx0LsJvJMnnlHxs3icFi3G+e/Z/ZFC8vdaF1/zi0oOA5hVElWPGW+vFlOYbcJ4LNyR8s4lcA==",
      "dependencies": {}
    },
    "node_modules/@redis/client": {
      "version": "1.5.13",
      "resolved": "https://registry.npmjs.org/@redis/client/-/client-1.5.13.tgz",
      "integrity": "sha512-m0xqGI4zoQDXG1W67UBdS5Q63vyrtWJu9XNYs3r7MZbp+o9JN2VGSs9hr3/rSkISClPVQrCyVtc9hhu5pkkdcg==",
      "dependencies": {
        "yallist": "4.0.0"
      }
    },
    "node_modules/@redis/graph": {
      "version": "1.1.1",
      "resolved": "https://registry.npmjs.org/@redis/graph/-/graph-1.1.1.tgz",
      "integrity": "sha512-fEMIAhBybOYkoQD4iCPtN4L2Ipu3U1/NioL1vhNiZ82Jdxl6xb1HWjw/vkJvGdohpOuGkn3nlWqujIQS+kJSQA==",
      "dependencies": {}
    },
    "node_modules/@redis/json": {
      "version": "1.0.6",
      "resolved": "https://registry.npmjs.org/@redis/json/-/json-1.0.6.tgz",
      "integrity": "sha512-ICibrmQRprmrEkR1ZK1QKKtEwG3USpkHF7oc+igG+Wncou6lQvU1yKxD6MKKq9f8Y6G/nC++zni+5c5b5lGaQA==",
      "dependencies": {}
    },
    "node_modules/@redis/search": {
      "version": "1.1.8",
      "resolved": "https://registry.npmjs.org/@redis/search/-/search-1.1.8.tgz",
      "integrity": "sha512-qsQ1IcW+vM9qftSKG+MeFML+s6KBgzEIadkrBaDG4OLvL5s0Qo6SnK6yEMvraOrmVSeQjJClyPNpT2l6hDDUWA==",
      "dependencies": {}
    },
    "node_modules/@redis/time-series": {
      "version": "1.0.5",
      "resolved": "https://registry.npmjs.org/@redis/time-series/-/time-series-1.0.5.tgz",
      "integrity": "sha512-TIc0QdBEPen64Ix3a4gTPvW01+p8ERFuo8Szkr2svHQ+Zqa03OL6LFh8dRLgZ6ShFS+FuPyyd/fDPOdJ5fV5mg==",
      "dependencies": {}
    }
  },
  "dependencies": {
    "bcryptjs": {
      "version": "2.4.3",
      "resolved": "https://registry.npmjs.org/bcryptjs/-/bcryptjs-2.4.3.tgz",
      "integrity": "sha512-V/Hy/X9Vt7f3BbPJEiuxBd2/+YEHAEVcn9cGEmhf/40ApELcZ4XMOSj1lAxk0gWQM3MzJnA1J4eY9a0BPsXKww=="
    },
    "cors": {
      "version": "2.8.5",
      "resolved": "https://registry.npmjs.org/cors/-/cors-2.8.5.tgz",
      "integrity": "sha512-KIHbLJquJ7aJYZl3+bIFP5vBvcLqXrsNRvTvblwv8fCY+bOrcs7YB6jJEQ4NOy0gUbSuamQk2F2O9zSrb2sk3w==",
      "dependencies": {
        "object-assign": "4.1.1",
        "vary": "1.1.2"
      }
    },
    "dotenv": {
      "version": "16.3.1",
      "resolved": "https://registry.npmjs.org/dotenv/-/dotenv-16.3.1.tgz",
      "integrity": "sha512-IPzF4w4/Rd094cLx2tmWrFxpSNom2+oeo0ftITIQ9WV4t5Aki75vYvecsWgnizt04E0iu81uTCYuTImNWgZWCDs=="
    },
    "express": {
      "version": "4.18.2",
      "resolved": "https://registry.npmjs.org/express/-/express-4.18.2.tgz",
      "integrity": "sha512-5/PsL6iGPdfQ/lKM1UuielYgv3BUoJfz1aUwU9vHZ+J7gyvwdQXFEBIEIaxeGf0GIcreATNyBExtalisDbuMqQ==",
      "dependencies": {
        "accepts": "1.3.8",
        "array-flatten": "1.1.1",
        "body-parser": "1.20.1",
        "content-disposition": "0.5.4",
        "content-type": "1.0.4",
        "cookie": "0.5.0",
        "cookie-signature": "1.0.6",
        "debug": "2.6.9",
        "depd": "2.0.0",
        "encodeurl": "1.0.2",
        "escape-html": "1.0.3",
        "etag": "1.8.1",
        "finalhandler": "1.2.0",
        "fresh": "0.5.2",
        "http-errors": "2.0.0",
        "merge-descriptors": "1.0.1",
        "methods": "1.1.2",
        "on-finished": "2.4.1",
        "parseurl": "1.3.3",
        "path-to-regexp": "0.1.7",
        "proxy-addr": "2.0.7",
        "qs": "6.11.0",
        "range-parser": "1.2.1",
        "safe-buffer": "5.2.1",
        "send": "0.18.0",
        "serve-static": "1.15.0",
        "setprototypeof": "1.2.0",
        "statuses": "2.0.1",
        "type-is": "1.6.18",
        "utils-merge": "1.0.1",
        "vary": "1.1.2"
      }
    },
    "helmet": {
      "version": "7.1.0",
      "resolved": "https://registry.npmjs.org/helmet/-/helmet-7.1.0.tgz",
      "integrity": "sha512-gGZAXmdPdmOy7eiANPpJIFNsaedOA488FES+R/vPK917tA2DlOCHw3OZqR04zdUSfHGmgmkxdJzwS+K88ogGfQ==",
      "dependencies": {
        "dompurify": "3.0.5"
      }
    },
    "joi": {
      "version": "17.11.0",
      "resolved": "https://registry.npmjs.org/joi/-/joi-17.11.0.tgz",
      "integrity": "sha512-NgR/lx1ON8ikyV403Kh4rF3TIwpo3beSXjsfnM/hQP84wU1ZphBkxizBiEFjz/HofsGFBU0d9odH8GRNapOIcXg==",
      "dependencies": {
        "@hapi/hoek": "9.3.0",
        "@hapi/topo": "5.1.0",
        "side-channel": "1.0.4"
      }
    },
    "jsonwebtoken": {
      "version": "9.0.2",
      "resolved": "https://registry.npmjs.org/jsonwebtoken/-/jsonwebtoken-9.0.2.tgz",
      "integrity": "sha512-PRDp76s3M90x0gucrgo74RxI/2S7D9H+1IoBOs8z9O+eW0bQ/wbGcvJikJHMV6VCF3A8W9Ipb+7C7r1M1Z69aQ==",
      "dependencies": {
        "jws": "3.2.2",
        "lodash.includes": "4.3.0",
        "lodash.isboolean": "3.0.3",
        "lodash.isinteger": "4.0.4",
        "lodash.isnumber": "3.0.3",
        "lodash.isplainobject": "4.0.6",
        "lodash.isstring": "4.0.1",
        "lodash.once": "4.1.1",
        "ms": "2.1.3",
        "semver": "7.5.4"
      }
    },
    "morgan": {
      "version": "1.10.0",
      "resolved": "https://registry.npmjs.org/morgan/-/morgan-1.10.0.tgz",
      "integrity": "sha512-AbegBVI4sh6El+1gNwvD5YIck7nSA36weD7xvIxG4in80j/UoK8AEGaWnnz8v1Gxon7GlxtIo+4gCj7XW0jkYVg==",
      "dependencies": {
        "basic-auth": "2.0.1",
        "debug": "2.6.9",
        "depd": "2.0.0",
        "on-finished": "2.3.0",
        "on-headers": "1.0.2"
      }
    },
    "multer": {
      "version": "1.4.5-lts.1",
      "resolved": "https://registry.npmjs.org/multer/-/multer-1.4.5-lts.1.tgz",
      "integrity": "sha512-ycPW3rYtF0zUquLtM/3xc17V09mYUz0iV2YeElnLQEW5fPIg5HfF05xsT5gqvzLFXX19wZzaWRvEWDLApv6BlwQ==",
      "dependencies": {
        "append-field": "1.0.0",
        "busboy": "1.6.0",
        "concat-stream": "1.6.2",
        "mkdirp": "0.5.6",
        "object-assign": "4.1.1",
        "type-is": "1.6.18",
        "xtend": "4.0.2"
      }
    },
    "node-cron": {
      "version": "3.0.3",
      "resolved": "https://registry.npmjs.org/node-cron/-/node-cron-3.0.3.tgz",
      "integrity": "sha512-dOal67//nohjYWxkef0nhMgdTWpmROBIa89cmJsCnJ+phkYf7yBZjAlUaiTTIj0SuGdInHjVC5CsmXBfyiv3+rQ==",
      "dependencies": {
        "cron-parser": "4.9.0"
      }
    },
    "nodemon": {
      "version": "3.0.2",
      "resolved": "https://registry.npmjs.org/nodemon/-/nodemon-3.0.2.tgz",
      "integrity": "sha512-9j+nQoV4VDBP+PGPscaqKO8xTW1dZqVeRYpRyxluKQ4nG5MNBm3/5m4R9HCjiykWNt/80GS5KBvI+PFjvdAtjMQ==",
      "dependencies": {
        "chokidar": "3.5.3",
        "debug": "4.3.4",
        "ignore-by-default": "1.0.1",
        "minimatch": "3.1.2",
        "pstree.remy": "1.1.8",
        "semver": "7.5.4",
        "simple-update-notifier": "2.0.0",
        "supports-color": "5.5.0",
        "touch": "3.1.0",
        "undefsafe": "2.0.5"
      }
    },
    "pg": {
      "version": "8.11.3",
      "resolved": "https://registry.npmjs.org/pg/-/pg-8.11.3.tgz",
      "integrity": "sha512-+OPS��Z9kVyiLGEsZy2Avdo99BYrBYHIJY9vj2P8jA4Ezx7wq8HTBRGbbGZY1B3yQBJ+ST9Vhod8eFvyx5T1eA==",
      "dependencies": {
        "pg-cloudflare": "1.1.1",
        "pg-connection-string": "2.6.2",
        "pg-pool": "3.6.1",
        "pg-protocol": "1.6.0",
        "pg-types": "2.2.0",
        "pgpass": "1.0.5"
      }
    },
    "rate-limiter-flexible": {
      "version": "3.0.8",
      "resolved": "https://registry.npmjs.org/rate-limiter-flexible/-/rate-limiter-flexible-3.0.8.tgz",
      "integrity": "sha512-zQjT8LDN97mVgJSdgtC1GEX8UeBvn4V8QzOQW2pQKRGZivt4l8OBPtXvfTUcC8lBYqr8KtsMZ6tH6lmV6nChRQ==",
      "dependencies": {
        "rate-limiter-ratelimit": "1.2.0"
      }
    },
    "redis": {
      "version": "4.6.10",
      "resolved": "https://registry.npmjs.org/redis/-/redis-4.6.10.tgz",
      "integrity": "sha512-35DWzHXGIlZSgINag9SklmrXAowEwALByTrd8mzy4CFmj8J84o0caeOf/9Re7m/wANGPlaTD/tF+Nu5R8ci73g==",
      "dependencies": {
        "@redis/bloom": "1.2.0",
        "@redis/client": "1.5.13",
        "@redis/graph": "1.1.1",
        "@redis/json": "1.0.6",
        "@redis/search": "1.1.8",
        "@redis/time-series": "1.0.5"
      }
    },
    "socket.io": {
      "version": "4.7.4",
      "resolved": "https://registry.npmjs.org/socket.io/-/socket.io-4.7.4.tgz",
      "integrity": "sha512-DcotBxPcbGfococZZtIP7+U/pfPJNEV27zHrMLym3Sz9IihA7ejjRNWuEVdg75EWRa6ByCPbK8qGGV0JvTBoCJg==",
      "dependencies": {
        "accepts": "1.3.8",
        "base64id": "2.0.0",
        "cookie": "0.4.2",
        "cors": "2.8.5",
        "debug": "4.3.4",
        "engine.io": "6.5.4",
        "socket.io-adapter": "2.5.2",
        "socket.io-parser": "4.2.4"
      }
    },
    "uuid": {
      "version": "9.0.1",
      "resolved": "https://registry.npmjs.org/uuid/-/uuid-9.0.1.tgz",
      "integrity": "sha512-b+jc3887/ZmswFsIja4ijVIJQJ5X1epETiwiq14WJdrCYaAW7qQDRFSlSHYiGG9kbxOVp+BMtQER1a0ZMsn1zQA=="
    }
  }
}