{
  "name": "producthub-backend",
  "version": "1.0.0",
  "lockfileVersion": 3,
  "requires": true,
  "packages": {
    "": {
      "name": "producthub-backend",
      "version": "1.0.0",
      "dependencies": {
        "bcryptjs": "^2.4.3",
        "cors": "^2.8.5",
        "dotenv": "^16.3.1",
        "express": "^4.18.2",
        "joi": "^17.11.0",
        "jsonwebtoken": "^9.0.2",
        "morgan": "^1.10.0",
        "multer": "^1.4.5-lts.1",
        "pg": "^8.11.3",
        "socket.io": "^4.7.4",
        "uuid": "^9.0.1"
      },
      "devDependencies": {
        "nodemon": "^3.0.2"
      }
    },
    "node_modules/bcryptjs": {
      "version": "2.4.3",
      "resolved": "https://registry.npmjs.org/bcryptjs/-/bcryptjs-2.4.3.tgz",
      "integrity": "sha512-V/Hy/X9Vt7f3BbPJEi+GBdYkNLFnQVzv720kPZS+4I96wGkm3WGoLeOLGzyaecID0vu2N0dkwHu7DFAJEqK4vQ=="
    },
    "node_modules/cors": {
      "version": "2.8.5",
      "resolved": "https://registry.npmjs.org/cors/-/cors-2.8.5.tgz",
      "integrity": "sha512-K2bXrBqS8D7v35YHm1PGHx9L14QlSalw3O6OXae6rhPxmaw82sRhHNI71nKj3L9ucVZOj0/XzdLaUXzUhe+gXw==",
      "dependencies": {
        "object-assign": "^4",
        "vary": "^1"
      }
    },
    "node_modules/dotenv": {
      "version": "16.3.1",
      "resolved": "https://registry.npmjs.org/dotenv/-/dotenv-16.3.1.tgz",
      "integrity": "sha512-HmCVJ5Y6trR/OjBkoCjydtf2TwCF25DHUtpgV6D8QtGDqpqUynR9oJHI8VwlRMp52PwK6ovlqA2vEjPyRzWWog=="
    },
    "node_modules/express": {
      "version": "4.18.2",
      "resolved": "https://registry.npmjs.org/express/-/express-4.18.2.tgz",
      "integrity": "sha512-5/PsL6iGPdfQ/lKM1UuielYgv3BUoJfz1aUwU9vHZ+J7gyvwdQXFEBIEIaxeGf0GIcreATNyBExtalisDbuMqQ==",
      "dependencies": {
        "accepts": "~1.3.8",
        "array-flatten": "1.1.1",
        "body-parser": "1.20.1",
        "content-disposition": "0.5.4",
        "content-type": "~1.0.4",
        "cookie": "0.5.0",
        "cookie-signature": "1.0.6",
        "debug": "2.6.9",
        "depd": "2.0.0",
        "encodeurl": "~1.0.2",
        "escape-html": "~1.0.3",
        "etag": "~1.8.1",
        "finalhandler": "1.2.0",
        "fresh": "0.5.2",
        "http-errors": "2.0.0",
        "merge-descriptors": "1.0.1",
        "methods": "~1.1.2",
        "on-finished": "2.4.1",
        "parseurl": "~1.3.3",
        "path-to-regexp": "0.1.7",
        "proxy-addr": "~2.0.7",
        "qs": "6.11.0",
        "range-parser": "~1.2.1",
        "safe-buffer": "5.2.1",
        "send": "0.18.0",
        "serve-static": "1.15.0",
        "setprototypeof": "1.2.0",
        "statuses": "2.0.1",
        "type-is": "~1.6.18",
        "utils-merge": "1.0.1",
        "vary": "~1.1.2"
      }
    },
    "node_modules/joi": {
      "version": "17.11.0",
      "resolved": "https://registry.npmjs.org/joi/-/joi-17.11.0.tgz",
      "integrity": "sha512-NgB+lzNoQv2aeW4M8stigJ2AjKLBaK9J5m0IoV+d09C3k/Tza0UnSic6wPk8G8GqKQ7D0d39LB9D7H0l/NDr6w==",
      "dependencies": {
        "@hapi/hoek": "^9.3.0",
        "@hapi/topo": "^5.1.0",
        "@sideway/address": "^4.1.4",
        "@sideway/formula": "^3.0.1",
        "@sideway/pinpoint": "^2.0.0"
      }
    },
    "node_modules/jsonwebtoken": {
      "version": "9.0.2",
      "resolved": "https://registry.npmjs.org/jsonwebtoken/-/jsonwebtoken-9.0.2.tgz",
      "integrity": "sha512-PRp66vJ865SSqOlgqS8hobTtycCKAxND6+zyDUttHXWeUXUF6akSfZA/Qusxg76w4fvSYAMT+c0FzX7n+qLYsQ==",
      "dependencies": {
        "jws": "^3.2.2",
        "lodash.includes": "^4.3.0",
        "lodash.isboolean": "^3.0.3",
        "lodash.isinteger": "^4.0.4",
        "lodash.isnumber": "^3.0.3",
        "lodash.isplainobject": "^4.0.6",
        "lodash.isstring": "^4.0.1",
        "lodash.once": "^4.0.0",
        "ms": "^2.1.1",
        "semver": "^7.5.4"
      }
    },
    "node_modules/morgan": {
      "version": "1.10.0",
      "resolved": "https://registry.npmjs.org/morgan/-/morgan-1.10.0.tgz",
      "integrity": "sha512-AbegBVI4sh6El+1gNwvD5YIck7nWE36Dw78xB1avS3/RySD8sX25I/rWWEzVLPzCC5u9I+t+X4M3wG6LR4vO5w==",
      "dependencies": {
        "basic-auth": "~2.0.1",
        "debug": "2.6.9",
        "depd": "~2.0.0",
        "on-finished": "~2.3.0",
        "on-headers": "~1.0.2"
      }
    },
    "node_modules/multer": {
      "version": "1.4.5-lts.1",
      "resolved": "https://registry.npmjs.org/multer/-/multer-1.4.5-lts.1.tgz",
      "integrity": "sha512-ycPWWRtOonJSNT+flNVqlDTTTmy/2rDvLjoqAhaeNQQRhd658ZEXckHlmUSRS8pQDjLVHIBGZVAm6vAM7tmjsow==",
      "dependencies": {
        "append-field": "^1.0.0",
        "busboy": "^1.0.0",
        "concat-stream": "^1.5.2",
        "mkdirp": "^0.5.4",
        "object-assign": "^4.1.1",
        "type-is": "^1.6.4",
        "xtend": "^4.0.0"
      }
    },
    "node_modules/nodemon": {
      "version": "3.0.2",
      "resolved": "https://registry.npmjs.org/nodemon/-/nodemon-3.0.2.tgz",
      "integrity": "sha512-9NFNM6gVNRwXzHIubk6pCySDVy5GHgMPuMQaGV3zMyaWpmuWNVDAoogCjCS42gG4GJsEtaLYU3YxaSKzmK6zVw==",
      "dev": true,
      "dependencies": {
        "chokidar": "^3.5.2",
        "debug": "^4",
        "ignore-by-default": "^1.0.1",
        "minimatch": "^3.1.2",
        "pstree.remy": "^1.1.8",
        "semver": "^7.5.3",
        "simple-update-notifier": "^2.0.0",
        "supports-color": "^5.5.0",
        "touch": "^3.1.0",
        "undefsafe": "^2.0.5"
      }
    },
    "node_modules/pg": {
      "version": "8.11.3",
      "resolved": "https://registry.npmjs.org/pg/-/pg-8.11.3.tgz",
      "integrity": "sha512-+xMHhRaHElwzt6T6PZRTknmY9PLq3lH2X1vhys/ZrYZe0GB5VKx6eJ9nXLWA/vzfNlx0jH8q414TRR2jPs0awQ==",
      "dependencies": {
        "pg-cloudflare": "^1.1.1",
        "pg-connection-string": "^2.6.2",
        "pg-pool": "^3.6.1",
        "pg-protocol": "^1.6.0",
        "pg-types": "^2.1.0",
        "pgpass": "1.x"
      },
      "engines": {
        "node": ">= 8.0.0"
      }
    },
    "node_modules/socket.io": {
      "version": "4.7.4",
      "resolved": "https://registry.npmjs.org/socket.io/-/socket.io-4.7.4.tgz",
      "integrity": "sha512-DxyIPjIdluY1WnVgOKo3Ui80MFG2KkUtSkV0E4QQm1Ml7I+h3QG9B7AKjKM9E2G8H1Zl+R7VYdOQ4PylHQy8HQ==",
      "dependencies": {
        "accepts": "~1.3.8",
        "base64id": "~2.0.0",
        "cors": "~2.8.5",
        "engine.io": "~6.5.2",
        "socket.io-adapter": "~2.5.2",
        "socket.io-parser": "~4.2.4"
      }
    },
    "node_modules/uuid": {
      "version": "9.0.1",
      "resolved": "https://registry.npmjs.org/uuid/-/uuid-9.0.1.tgz",
      "integrity": "sha512-b+na4yiXhxAnjAHsJENcINMHrgjoxwnzK4W4gWbyRIsY73qCX+mAQxL9by08zr+UPc3l6QcqGfxW/WiSbg8w+Q=="
    }
  },
  "dependencies": {
    "bcryptjs": {
      "version": "2.4.3",
      "resolved": "https://registry.npmjs.org/bcryptjs/-/bcryptjs-2.4.3.tgz",
      "integrity": "sha512-V/Hy/X9Vt7f3BbPJEi+GBdYkNLFnQVzv720kPZS+4I96wGkm3WGoLeOLGzyaecID0vu2N0dkwHu7DFAJEqK4vQ=="
    },
    "cors": {
      "version": "2.8.5",
      "resolved": "https://registry.npmjs.org/cors/-/cors-2.8.5.tgz",
      "integrity": "sha512-K2bXrBqS8D7v35YHm1PGHx9L14QlSalw3O6OXae6rhPxmaw82sRhHNI71nKj3L9ucVZOj0/XzdLaUXzUhe+gXw==",
      "requires": {
        "object-assign": "^4",
        "vary": "^1"
      }
    },
    "dotenv": {
      "version": "16.3.1",
      "resolved": "https://registry.npmjs.org/dotenv/-/dotenv-16.3.1.tgz",
      "integrity": "sha512-HmCVJ5Y6trR/OjBkoCjydtf2TwCF25DHUtpgV6D8QtGDqpqUynR9oJHI8VwlRMp52PwK6ovlqA2vEjPyRzWWog=="
    },
    "express": {
      "version": "4.18.2",
      "resolved": "https://registry.npmjs.org/express/-/express-4.18.2.tgz",
      "integrity": "sha512-5/PsL6iGPdfQ/lKM1UuielYgv3BUoJfz1aUwU9vHZ+J7gyvwdQXFEBIEIaxeGf0GIcreATNyBExtalisDbuMqQ==",
      "requires": {
        "accepts": "~1.3.8",
        "array-flatten": "1.1.1",
        "body-parser": "1.20.1",
        "content-disposition": "0.5.4",
        "content-type": "~1.0.4",
        "cookie": "0.5.0",
        "cookie-signature": "1.0.6",
        "debug": "2.6.9",
        "depd": "2.0.0",
        "encodeurl": "~1.0.2",
        "escape-html": "~1.0.3",
        "etag": "~1.8.1",
        "finalhandler": "1.2.0",
        "fresh": "0.5.2",
        "http-errors": "2.0.0",
        "merge-descriptors": "1.0.1",
        "methods": "~1.1.2",
        "on-finished": "2.4.1",
        "parseurl": "~1.3.3",
        "path-to-regexp": "0.1.7",
        "proxy-addr": "~2.0.7",
        "qs": "6.11.0",
        "range-parser": "~1.2.1",
        "safe-buffer": "5.2.1",
        "send": "0.18.0",
        "serve-static": "1.15.0",
        "setprototypeof": "1.2.0",
        "statuses": "2.0.1",
        "type-is": "~1.6.18",
        "utils-merge": "1.0.1",
        "vary": "~1.1.2"
      }
    },
    "joi": {
      "version": "17.11.0",
      "resolved": "https://registry.npmjs.org/joi/-/joi-17.11.0.tgz",
      "integrity": "sha512-NgB+lzNoQv2aeW4M8stigJ2AjKLBaK9J5m0IoV+d09C3k/Tza0UnSic6wPk8G8GqKQ7D0d39LB9D7H0l/NDr6w==",
      "requires": {
        "@hapi/hoek": "^9.3.0",
        "@hapi/topo": "^5.1.0",
        "@sideway/address": "^4.1.4",
        "@sideway/formula": "^3.0.1",
        "@sideway/pinpoint": "^2.0.0"
      }
    },
    "jsonwebtoken": {
      "version": "9.0.2",
      "resolved": "https://registry.npmjs.org/jsonwebtoken/-/jsonwebtoken-9.0.2.tgz",
      "integrity": "sha512-PRp66vJ865SSqOlgqS8hobTtycCKAxND6+zyDUttHXWeUXUF6akSfZA/Qusxg76w4fvSYAMT+c0FzX7n+qLYsQ==",
      "requires": {
        "jws": "^3.2.2",
        "lodash.includes": "^4.3.0",
        "lodash.isboolean": "^3.0.3",
        "lodash.isinteger": "^4.0.4",
        "lodash.isnumber": "^3.0.3",
        "lodash.isplainobject": "^4.0.6",
        "lodash.isstring": "^4.0.1",
        "lodash.once": "^4.0.0",
        "ms": "^2.1.1",
        "semver": "^7.5.4"
      }
    },
    "morgan": {
      "version": "1.10.0",
      "resolved": "https://registry.npmjs.org/morgan/-/morgan-1.10.0.tgz",
      "integrity": "sha512-AbegBVI4sh6El+1gNwvD5YIck7nWE36Dw78xB1avS3/RySD8sX25I/rWWEzVLPzCC5u9I+t+X4M3wG6LR4vO5w==",
      "requires": {
        "basic-auth": "~2.0.1",
        "debug": "2.6.9",
        "depd": "~2.0.0",
        "on-finished": "~2.3.0",
        "on-headers": "~1.0.2"
      }
    },
    "multer": {
      "version": "1.4.5-lts.1",
      "resolved": "https://registry.npmjs.org/multer/-/multer-1.4.5-lts.1.tgz",
      "integrity": "sha512-ycPWWRtOonJSNT+flNVqlDTTTmy/2rDvLjoqAhaeNQQRhd658ZEXckHlmUSRS8pQDjLVHIBGZVAm6vAM7tmjsow==",
      "requires": {
        "append-field": "^1.0.0",
        "busboy": "^1.0.0",
        "concat-stream": "^1.5.2",
        "mkdirp": "^0.5.4",
        "object-assign": "^4.1.1",
        "type-is": "^1.6.4",
        "xtend": "^4.0.0"
      }
    },
    "nodemon": {
      "version": "3.0.2",
      "resolved": "https://registry.npmjs.org/nodemon/-/nodemon-3.0.2.tgz",
      "integrity": "sha512-9NFNM6gVNRwXzHIubk6pCySDVy5GHgMPuMQaGV3zMyaWpmuWNVDAoogCjCS42gG4GJsEtaLYU3YxaSKzmK6zVw==",
      "dev": true,
      "requires": {
        "chokidar": "^3.5.2",
        "debug": "^4",
        "ignore-by-default": "^1.0.1",
        "minimatch": "^3.1.2",
        "pstree.remy": "^1.1.8",
        "semver": "^7.5.3",
        "simple-update-notifier": "^2.0.0",
        "supports-color": "^5.5.0",
        "touch": "^3.1.0",
        "undefsafe": "^2.0.5"
      }
    },
    "pg": {
      "version": "8.11.3",
      "resolved": "https://registry.npmjs.org/pg/-/pg-8.11.3.tgz",
      "integrity": "sha512-+xMHhRaHElwzt6T6PZRTknmY9PLq3lH2X1vhys/ZrYZe0GB5VKx6eJ9nXLWA/vzfNlx0jH8q414TRR2jPs0awQ==",
      "requires": {
        "pg-cloudflare": "^1.1.1",
        "pg-connection-string": "^2.6.2",
        "pg-pool": "^3.6.1",
        "pg-protocol": "^1.6.0",
        "pg-types": "^2.1.0",
        "pgpass": "1.x"
      }
    },
    "socket.io": {
      "version": "4.7.4",
      "resolved": "https://registry.npmjs.org/socket.io/-/socket.io-4.7.4.tgz",
      "integrity": "sha512-DxyIPjIdluY1WnVgOKo3Ui80MFG2KkUtSkV0E4QQm1Ml7I+h3QG9B7AKjKM9E2G8H1Zl+R7VYdOQ4PylHQy8HQ==",
      "requires": {
        "accepts": "~1.3.8",
        "base64id": "~2.0.0",
        "cors": "~2.8.5",
        "engine.io": "~6.5.2",
        "socket.io-adapter": "~2.5.2",
        "socket.io-parser": "~4.2.4"
      }
    },
    "uuid": {
      "version": "9.0.1",
      "resolved": "https://registry.npmjs.org/uuid/-/uuid-9.0.1.tgz",
      "integrity": "sha512-b+na4yiXhxAnjAHsJENcINMHrgjoxwnzK4W4gWbyRIsY73qCX+mAQxL9by08zr+UPc3l6QcqGfxW/WiSbg8w+Q=="
    }
  }
}